
Microsoft Visual Studio Solution File, Format Version 12.00
# Visual Studio 14
VisualStudioVersion = 14.0.25123.0
MinimumVisualStudioVersion = 10.0.40219.1
Project("{FAE04EC0-301F-11D3-BF4B-00C04F79EFBC}") = "XFGoogleCalendarIntegration", "XFGoogleCalendarIntegration\XFGoogleCalendarIntegration\XFGoogleCalendarIntegration.csproj", "{A6D6A0C6-6C3B-497C-8FDE-99E26E2E1D0C}"
EndProject
Project("{FAE04EC0-301F-11D3-BF4B-00C04F79EFBC}") = "XFGoogleCalendarIntegration.Droid", "XFGoogleCalendarIntegration\XFGoogleCalendarIntegration.Droid\XFGoogleCalendarIntegration.Droid.csproj", "{D1211089-6B86-48AE-9724-459BE48BA1B8}"
EndProject
Project("{FAE04EC0-301F-11D3-BF4B-00C04F79EFBC}") = "XFGoogleCalendarIntegration.iOS", "XFGoogleCalendarIntegration\XFGoogleCalendarIntegration.iOS\XFGoogleCalendarIntegration.iOS.csproj", "{6BFB7601-CB31-4E65-A0D3-B0689EEFD85A}"
EndProject
Project("{FAE04EC0-301F-11D3-BF4B-00C04F79EFBC}") = "XFGoogleCalendarIntegration.WinPhone", "XFGoogleCalendarIntegration\XFGoogleCalendarIntegration.WinPhone\XFGoogleCalendarIntegration.WinPhone.csproj", "{9F2DC0E8-EE69-47B3-AB49-2B6B408281CA}"
EndProject
Global
	GlobalSection(SolutionConfigurationPlatforms) = preSolution
		Ad-Hoc|Any CPU = Ad-Hoc|Any CPU
		Ad-Hoc|ARM = Ad-Hoc|ARM
		Ad-Hoc|iPhone = Ad-Hoc|iPhone
		Ad-Hoc|iPhoneSimulator = Ad-Hoc|iPhoneSimulator
		Ad-Hoc|x64 = Ad-Hoc|x64
		Ad-Hoc|x86 = Ad-Hoc|x86
		AppStore|Any CPU = AppStore|Any CPU
		AppStore|ARM = AppStore|ARM
		AppStore|iPhone = AppStore|iPhone
		AppStore|iPhoneSimulator = AppStore|iPhoneSimulator
		AppStore|x64 = AppStore|x64
		AppStore|x86 = AppStore|x86
		Debug|Any CPU = Debug|Any CPU
		Debug|ARM = Debug|ARM
		Debug|iPhone = Debug|iPhone
		Debug|iPhoneSimulator = Debug|iPhoneSimulator
		Debug|x64 = Debug|x64
		Debug|x86 = Debug|x86
		Release|Any CPU = Release|Any CPU
		Release|ARM = Release|ARM
		Release|iPhone = Release|iPhone
		Release|iPhoneSimulator = Release|iPhoneSimulator
		Release|x64 = Release|x64
		Release|x86 = Release|x86
	EndGlobalSection
	GlobalSection(ProjectConfigurationPlatforms) = postSolution
		{A6D6A0C6-6C3B-497C-8FDE-99E26E2E1D0C}.Ad-Hoc|Any CPU.ActiveCfg = Release|Any CPU
		{A6D6A0C6-6C3B-497C-8FDE-99E26E2E1D0C}.Ad-Hoc|Any CPU.Build.0 = Release|Any CPU
		{A6D6A0C6-6C3B-497C-8FDE-99E26E2E1D0C}.Ad-Hoc|ARM.ActiveCfg = Release|Any CPU
		{A6D6A0C6-6C3B-497C-8FDE-99E26E2E1D0C}.Ad-Hoc|ARM.Build.0 = Release|Any CPU
		{A6D6A0C6-6C3B-497C-8FDE-99E26E2E1D0C}.Ad-Hoc|iPhone.ActiveCfg = Release|Any CPU
		{A6D6A0C6-6C3B-497C-8FDE-99E26E2E1D0C}.Ad-Hoc|iPhone.Build.0 = Release|Any CPU
		{A6D6A0C6-6C3B-497C-8FDE-99E26E2E1D0C}.Ad-Hoc|iPhoneSimulator.ActiveCfg = Release|Any CPU
		{A6D6A0C6-6C3B-497C-8FDE-99E26E2E1D0C}.Ad-Hoc|iPhoneSimulator.Build.0 = Release|Any CPU
		{A6D6A0C6-6C3B-497C-8FDE-99E26E2E1D0C}.Ad-Hoc|x64.ActiveCfg = Release|Any CPU
		{A6D6A0C6-6C3B-497C-8FDE-99E26E2E1D0C}.Ad-Hoc|x64.Build.0 = Release|Any CPU
		{A6D6A0C6-6C3B-497C-8FDE-99E26E2E1D0C}.Ad-Hoc|x86.ActiveCfg = Release|Any CPU
		{A6D6A0C6-6C3B-497C-8FDE-99E26E2E1D0C}.Ad-Hoc|x86.Build.0 = Release|Any CPU
		{A6D6A0C6-6C3B-497C-8FDE-99E26E2E1D0C}.AppStore|Any CPU.ActiveCfg = Release|Any CPU
		{A6D6A0C6-6C3B-497C-8FDE-99E26E2E1D0C}.AppStore|Any CPU.Build.0 = Release|Any CPU
		{A6D6A0C6-6C3B-497C-8FDE-99E26E2E1D0C}.AppStore|ARM.ActiveCfg = Release|Any CPU
		{A6D6A0C6-6C3B-497C-8FDE-99E26E2E1D0C}.AppStore|ARM.Build.0 = Release|Any CPU
		{A6D6A0C6-6C3B-497C-8FDE-99E26E2E1D0C}.AppStore|iPhone.ActiveCfg = Release|Any CPU
		{A6D6A0C6-6C3B-497C-8FDE-99E26E2E1D0C}.AppStore|iPhone.Build.0 = Release|Any CPU
		{A6D6A0C6-6C3B-497C-8FDE-99E26E2E1D0C}.AppStore|iPhoneSimulator.ActiveCfg = Release|Any CPU
		{A6D6A0C6-6C3B-497C-8FDE-99E26E2E1D0C}.AppStore|iPhoneSimulator.Build.0 = Release|Any CPU
		{A6D6A0C6-6C3B-497C-8FDE-99E26E2E1D0C}.AppStore|x64.ActiveCfg = Release|Any CPU
		{A6D6A0C6-6C3B-497C-8FDE-99E26E2E1D0C}.AppStore|x64.Build.0 = Release|Any CPU
		{A6D6A0C6-6C3B-497C-8FDE-99E26E2E1D0C}.AppStore|x86.ActiveCfg = Release|Any CPU
		{A6D6A0C6-6C3B-497C-8FDE-99E26E2E1D0C}.AppStore|x86.Build.0 = Release|Any CPU
		{A6D6A0C6-6C3B-497C-8FDE-99E26E2E1D0C}.Debug|Any CPU.ActiveCfg = Debug|Any CPU
		{A6D6A0C6-6C3B-497C-8FDE-99E26E2E1D0C}.Debug|Any CPU.Build.0 = Debug|Any CPU
		{A6D6A0C6-6C3B-497C-8FDE-99E26E2E1D0C}.Debug|ARM.ActiveCfg = Debug|Any CPU
		{A6D6A0C6-6C3B-497C-8FDE-99E26E2E1D0C}.Debug|ARM.Build.0 = Debug|Any CPU
		{A6D6A0C6-6C3B-497C-8FDE-99E26E2E1D0C}.Debug|iPhone.ActiveCfg = Debug|Any CPU
		{A6D6A0C6-6C3B-497C-8FDE-99E26E2E1D0C}.Debug|iPhone.Build.0 = Debug|Any CPU
		{A6D6A0C6-6C3B-497C-8FDE-99E26E2E1D0C}.Debug|iPhoneSimulator.ActiveCfg = Debug|Any CPU
		{A6D6A0C6-6C3B-497C-8FDE-99E26E2E1D0C}.Debug|iPhoneSimulator.Build.0 = Debug|Any CPU
		{A6D6A0C6-6C3B-497C-8FDE-99E26E2E1D0C}.Debug|x64.ActiveCfg = Debug|Any CPU
		{A6D6A0C6-6C3B-497C-8FDE-99E26E2E1D0C}.Debug|x64.Build.0 = Debug|Any CPU
		{A6D6A0C6-6C3B-497C-8FDE-99E26E2E1D0C}.Debug|x86.ActiveCfg = Debug|Any CPU
		{A6D6A0C6-6C3B-497C-8FDE-99E26E2E1D0C}.Debug|x86.Build.0 = Debug|Any CPU
		{A6D6A0C6-6C3B-497C-8FDE-99E26E2E1D0C}.Release|Any CPU.ActiveCfg = Release|Any CPU
		{A6D6A0C6-6C3B-497C-8FDE-99E26E2E1D0C}.Release|Any CPU.Build.0 = Release|Any CPU
		{A6D6A0C6-6C3B-497C-8FDE-99E26E2E1D0C}.Release|ARM.ActiveCfg = Release|Any CPU
		{A6D6A0C6-6C3B-497C-8FDE-99E26E2E1D0C}.Release|ARM.Build.0 = Release|Any CPU
		{A6D6A0C6-6C3B-497C-8FDE-99E26E2E1D0C}.Release|iPhone.ActiveCfg = Release|Any CPU
		{A6D6A0C6-6C3B-497C-8FDE-99E26E2E1D0C}.Release|iPhone.Build.0 = Release|Any CPU
		{A6D6A0C6-6C3B-497C-8FDE-99E26E2E1D0C}.Release|iPhoneSimulator.ActiveCfg = Release|Any CPU
		{A6D6A0C6-6C3B-497C-8FDE-99E26E2E1D0C}.Release|iPhoneSimulator.Build.0 = Release|Any CPU
		{A6D6A0C6-6C3B-497C-8FDE-99E26E2E1D0C}.Release|x64.ActiveCfg = Release|Any CPU
		{A6D6A0C6-6C3B-497C-8FDE-99E26E2E1D0C}.Release|x64.Build.0 = Release|Any CPU
		{A6D6A0C6-6C3B-497C-8FDE-99E26E2E1D0C}.Release|x86.ActiveCfg = Release|Any CPU
		{A6D6A0C6-6C3B-497C-8FDE-99E26E2E1D0C}.Release|x86.Build.0 = Release|Any CPU
		{D1211089-6B86-48AE-9724-459BE48BA1B8}.Ad-Hoc|Any CPU.ActiveCfg = Release|Any CPU
		{D1211089-6B86-48AE-9724-459BE48BA1B8}.Ad-Hoc|Any CPU.Build.0 = Release|Any CPU
		{D1211089-6B86-48AE-9724-459BE48BA1B8}.Ad-Hoc|Any CPU.Deploy.0 = Release|Any CPU
		{D1211089-6B86-48AE-9724-459BE48BA1B8}.Ad-Hoc|ARM.ActiveCfg = Release|Any CPU
		{D1211089-6B86-48AE-9724-459BE48BA1B8}.Ad-Hoc|ARM.Build.0 = Release|Any CPU
		{D1211089-6B86-48AE-9724-459BE48BA1B8}.Ad-Hoc|ARM.Deploy.0 = Release|Any CPU
		{D1211089-6B86-48AE-9724-459BE48BA1B8}.Ad-Hoc|iPhone.ActiveCfg = Release|Any CPU
		{D1211089-6B86-48AE-9724-459BE48BA1B8}.Ad-Hoc|iPhone.Build.0 = Release|Any CPU
		{D1211089-6B86-48AE-9724-459BE48BA1B8}.Ad-Hoc|iPhone.Deploy.0 = Release|Any CPU
		{D1211089-6B86-48AE-9724-459BE48BA1B8}.Ad-Hoc|iPhoneSimulator.ActiveCfg = Release|Any CPU
		{D1211089-6B86-48AE-9724-459BE48BA1B8}.Ad-Hoc|iPhoneSimulator.Build.0 = Release|Any CPU
		{D1211089-6B86-48AE-9724-459BE48BA1B8}.Ad-Hoc|iPhoneSimulator.Deploy.0 = Release|Any CPU
		{D1211089-6B86-48AE-9724-459BE48BA1B8}.Ad-Hoc|x64.ActiveCfg = Release|Any CPU
		{D1211089-6B86-48AE-9724-459BE48BA1B8}.Ad-Hoc|x64.Build.0 = Release|Any CPU
		{D1211089-6B86-48AE-9724-459BE48BA1B8}.Ad-Hoc|x64.Deploy.0 = Release|Any CPU
		{D1211089-6B86-48AE-9724-459BE48BA1B8}.Ad-Hoc|x86.ActiveCfg = Release|Any CPU
		{D1211089-6B86-48AE-9724-459BE48BA1B8}.Ad-Hoc|x86.Build.0 = Release|Any CPU
		{D1211089-6B86-48AE-9724-459BE48BA1B8}.Ad-Hoc|x86.Deploy.0 = Release|Any CPU
		{D1211089-6B86-48AE-9724-459BE48BA1B8}.AppStore|Any CPU.ActiveCfg = Release|Any CPU
		{D1211089-6B86-48AE-9724-459BE48BA1B8}.AppStore|Any CPU.Build.0 = Release|Any CPU
		{D1211089-6B86-48AE-9724-459BE48BA1B8}.AppStore|Any CPU.Deploy.0 = Release|Any CPU
		{D1211089-6B86-48AE-9724-459BE48BA1B8}.AppStore|ARM.ActiveCfg = Release|Any CPU
		{D1211089-6B86-48AE-9724-459BE48BA1B8}.AppStore|ARM.Build.0 = Release|Any CPU
		{D1211089-6B86-48AE-9724-459BE48BA1B8}.AppStore|ARM.Deploy.0 = Release|Any CPU
		{D1211089-6B86-48AE-9724-459BE48BA1B8}.AppStore|iPhone.ActiveCfg = Release|Any CPU
		{D1211089-6B86-48AE-9724-459BE48BA1B8}.AppStore|iPhone.Build.0 = Release|Any CPU
		{D1211089-6B86-48AE-9724-459BE48BA1B8}.AppStore|iPhone.Deploy.0 = Release|Any CPU
		{D1211089-6B86-48AE-9724-459BE48BA1B8}.AppStore|iPhoneSimulator.ActiveCfg = Release|Any CPU
		{D1211089-6B86-48AE-9724-459BE48BA1B8}.AppStore|iPhoneSimulator.Build.0 = Release|Any CPU
		{D1211089-6B86-48AE-9724-459BE48BA1B8}.AppStore|iPhoneSimulator.Deploy.0 = Release|Any CPU
		{D1211089-6B86-48AE-9724-459BE48BA1B8}.AppStore|x64.ActiveCfg = Release|Any CPU
		{D1211089-6B86-48AE-9724-459BE48BA1B8}.AppStore|x64.Build.0 = Release|Any CPU
		{D1211089-6B86-48AE-9724-459BE48BA1B8}.AppStore|x64.Deploy.0 = Release|Any CPU
		{D1211089-6B86-48AE-9724-459BE48BA1B8}.AppStore|x86.ActiveCfg = Release|Any CPU
		{D1211089-6B86-48AE-9724-459BE48BA1B8}.AppStore|x86.Build.0 = Release|Any CPU
		{D1211089-6B86-48AE-9724-459BE48BA1B8}.AppStore|x86.Deploy.0 = Release|Any CPU
		{D1211089-6B86-48AE-9724-459BE48BA1B8}.Debug|Any CPU.ActiveCfg = Debug|Any CPU
		{D1211089-6B86-48AE-9724-459BE48BA1B8}.Debug|Any CPU.Build.0 = Debug|Any CPU
		{D1211089-6B86-48AE-9724-459BE48BA1B8}.Debug|Any CPU.Deploy.0 = Debug|Any CPU
		{D1211089-6B86-48AE-9724-459BE48BA1B8}.Debug|ARM.ActiveCfg = Debug|Any CPU
		{D1211089-6B86-48AE-9724-459BE48BA1B8}.Debug|ARM.Build.0 = Debug|Any CPU
		{D1211089-6B86-48AE-9724-459BE48BA1B8}.Debug|ARM.Deploy.0 = Debug|Any CPU
		{D1211089-6B86-48AE-9724-459BE48BA1B8}.Debug|iPhone.ActiveCfg = Debug|Any CPU
		{D1211089-6B86-48AE-9724-459BE48BA1B8}.Debug|iPhone.Build.0 = Debug|Any CPU
		{D1211089-6B86-48AE-9724-459BE48BA1B8}.Debug|iPhone.Deploy.0 = Debug|Any CPU
		{D1211089-6B86-48AE-9724-459BE48BA1B8}.Debug|iPhoneSimulator.ActiveCfg = Debug|Any CPU
		{D1211089-6B86-48AE-9724-459BE48BA1B8}.Debug|iPhoneSimulator.Build.0 = Debug|Any CPU
		{D1211089-6B86-48AE-9724-459BE48BA1B8}.Debug|iPhoneSimulator.Deploy.0 = Debug|Any CPU
		{D1211089-6B86-48AE-9724-459BE48BA1B8}.Debug|x64.ActiveCfg = Debug|Any CPU
		{D1211089-6B86-48AE-9724-459BE48BA1B8}.Debug|x64.Build.0 = Debug|Any CPU
		{D1211089-6B86-48AE-9724-459BE48BA1B8}.Debug|x64.Deploy.0 = Debug|Any CPU
		{D1211089-6B86-48AE-9724-459BE48BA1B8}.Debug|x86.ActiveCfg = Debug|Any CPU
		{D1211089-6B86-48AE-9724-459BE48BA1B8}.Debug|x86.Build.0 = Debug|Any CPU
		{D1211089-6B86-48AE-9724-459BE48BA1B8}.Debug|x86.Deploy.0 = Debug|Any CPU
		{D1211089-6B86-48AE-9724-459BE48BA1B8}.Release|Any CPU.ActiveCfg = Release|Any CPU
		{D1211089-6B86-48AE-9724-459BE48BA1B8}.Release|Any CPU.Build.0 = Release|Any CPU
		{D1211089-6B86-48AE-9724-459BE48BA1B8}.Release|Any CPU.Deploy.0 = Release|Any CPU
		{D1211089-6B86-48AE-9724-459BE48BA1B8}.Release|ARM.ActiveCfg = Release|Any CPU
		{D1211089-6B86-48AE-9724-459BE48BA1B8}.Release|ARM.Build.0 = Release|Any CPU
		{D1211089-6B86-48AE-9724-459BE48BA1B8}.Release|ARM.Deploy.0 = Release|Any CPU
		{D1211089-6B86-48AE-9724-459BE48BA1B8}.Release|iPhone.ActiveCfg = Release|Any CPU
		{D1211089-6B86-48AE-9724-459BE48BA1B8}.Release|iPhone.Build.0 = Release|Any CPU
		{D1211089-6B86-48AE-9724-459BE48BA1B8}.Release|iPhone.Deploy.0 = Release|Any CPU
		{D1211089-6B86-48AE-9724-459BE48BA1B8}.Release|iPhoneSimulator.ActiveCfg = Release|Any CPU
		{D1211089-6B86-48AE-9724-459BE48BA1B8}.Release|iPhoneSimulator.Build.0 = Release|Any CPU
		{D1211089-6B86-48AE-9724-459BE48BA1B8}.Release|iPhoneSimulator.Deploy.0 = Release|Any CPU
		{D1211089-6B86-48AE-9724-459BE48BA1B8}.Release|x64.ActiveCfg = Release|Any CPU
		{D1211089-6B86-48AE-9724-459BE48BA1B8}.Release|x64.Build.0 = Release|Any CPU
		{D1211089-6B86-48AE-9724-459BE48BA1B8}.Release|x64.Deploy.0 = Release|Any CPU
		{D1211089-6B86-48AE-9724-459BE48BA1B8}.Release|x86.ActiveCfg = Release|Any CPU
		{D1211089-6B86-48AE-9724-459BE48BA1B8}.Release|x86.Build.0 = Release|Any CPU
		{D1211089-6B86-48AE-9724-459BE48BA1B8}.Release|x86.Deploy.0 = Release|Any CPU
		{6BFB7601-CB31-4E65-A0D3-B0689EEFD85A}.Ad-Hoc|Any CPU.ActiveCfg = Ad-Hoc|iPhone
		{6BFB7601-CB31-4E65-A0D3-B0689EEFD85A}.Ad-Hoc|ARM.ActiveCfg = Ad-Hoc|iPhone
		{6BFB7601-CB31-4E65-A0D3-B0689EEFD85A}.Ad-Hoc|iPhone.ActiveCfg = Ad-Hoc|iPhone
		{6BFB7601-CB31-4E65-A0D3-B0689EEFD85A}.Ad-Hoc|iPhone.Build.0 = Ad-Hoc|iPhone
		{6BFB7601-CB31-4E65-A0D3-B0689EEFD85A}.Ad-Hoc|iPhoneSimulator.ActiveCfg = Ad-Hoc|iPhoneSimulator
		{6BFB7601-CB31-4E65-A0D3-B0689EEFD85A}.Ad-Hoc|iPhoneSimulator.Build.0 = Ad-Hoc|iPhoneSimulator
		{6BFB7601-CB31-4E65-A0D3-B0689EEFD85A}.Ad-Hoc|x64.ActiveCfg = Ad-Hoc|iPhone
		{6BFB7601-CB31-4E65-A0D3-B0689EEFD85A}.Ad-Hoc|x86.ActiveCfg = Ad-Hoc|iPhone
		{6BFB7601-CB31-4E65-A0D3-B0689EEFD85A}.AppStore|Any CPU.ActiveCfg = AppStore|iPhone
		{6BFB7601-CB31-4E65-A0D3-B0689EEFD85A}.AppStore|ARM.ActiveCfg = AppStore|iPhone
		{6BFB7601-CB31-4E65-A0D3-B0689EEFD85A}.AppStore|iPhone.ActiveCfg = AppStore|iPhone
		{6BFB7601-CB31-4E65-A0D3-B0689EEFD85A}.AppStore|iPhone.Build.0 = AppStore|iPhone
		{6BFB7601-CB31-4E65-A0D3-B0689EEFD85A}.AppStore|iPhoneSimulator.ActiveCfg = AppStore|iPhoneSimulator
		{6BFB7601-CB31-4E65-A0D3-B0689EEFD85A}.AppStore|iPhoneSimulator.Build.0 = AppStore|iPhoneSimulator
		{6BFB7601-CB31-4E65-A0D3-B0689EEFD85A}.AppStore|x64.ActiveCfg = AppStore|iPhone
		{6BFB7601-CB31-4E65-A0D3-B0689EEFD85A}.AppStore|x86.ActiveCfg = AppStore|iPhone
		{6BFB7601-CB31-4E65-A0D3-B0689EEFD85A}.Debug|Any CPU.ActiveCfg = Debug|iPhone
		{6BFB7601-CB31-4E65-A0D3-B0689EEFD85A}.Debug|ARM.ActiveCfg = Debug|iPhone
		{6BFB7601-CB31-4E65-A0D3-B0689EEFD85A}.Debug|iPhone.ActiveCfg = Debug|iPhone
		{6BFB7601-CB31-4E65-A0D3-B0689EEFD85A}.Debug|iPhone.Build.0 = Debug|iPhone
		{6BFB7601-CB31-4E65-A0D3-B0689EEFD85A}.Debug|iPhoneSimulator.ActiveCfg = Debug|iPhoneSimulator
		{6BFB7601-CB31-4E65-A0D3-B0689EEFD85A}.Debug|iPhoneSimulator.Build.0 = Debug|iPhoneSimulator
		{6BFB7601-CB31-4E65-A0D3-B0689EEFD85A}.Debug|x64.ActiveCfg = Debug|iPhone
		{6BFB7601-CB31-4E65-A0D3-B0689EEFD85A}.Debug|x86.ActiveCfg = Debug|iPhone
		{6BFB7601-CB31-4E65-A0D3-B0689EEFD85A}.Release|Any CPU.ActiveCfg = Release|iPhone
		{6BFB7601-CB31-4E65-A0D3-B0689EEFD85A}.Release|ARM.ActiveCfg = Release|iPhone
		{6BFB7601-CB31-4E65-A0D3-B0689EEFD85A}.Release|iPhone.ActiveCfg = Release|iPhone
		{6BFB7601-CB31-4E65-A0D3-B0689EEFD85A}.Release|iPhone.Build.0 = Release|iPhone
		{6BFB7601-CB31-4E65-A0D3-B0689EEFD85A}.Release|iPhoneSimulator.ActiveCfg = Release|iPhoneSimulator
		{6BFB7601-CB31-4E65-A0D3-B0689EEFD85A}.Release|iPhoneSimulator.Build.0 = Release|iPhoneSimulator
		{6BFB7601-CB31-4E65-A0D3-B0689EEFD85A}.Release|x64.ActiveCfg = Release|iPhone
		{6BFB7601-CB31-4E65-A0D3-B0689EEFD85A}.Release|x86.ActiveCfg = Release|iPhone
		{9F2DC0E8-EE69-47B3-AB49-2B6B408281CA}.Ad-Hoc|Any CPU.ActiveCfg = Release|Any CPU
		{9F2DC0E8-EE69-47B3-AB49-2B6B408281CA}.Ad-Hoc|Any CPU.Build.0 = Release|Any CPU
		{9F2DC0E8-EE69-47B3-AB49-2B6B408281CA}.Ad-Hoc|Any CPU.Deploy.0 = Release|Any CPU
		{9F2DC0E8-EE69-47B3-AB49-2B6B408281CA}.Ad-Hoc|ARM.ActiveCfg = Release|ARM
		{9F2DC0E8-EE69-47B3-AB49-2B6B408281CA}.Ad-Hoc|ARM.Build.0 = Release|ARM
		{9F2DC0E8-EE69-47B3-AB49-2B6B408281CA}.Ad-Hoc|ARM.Deploy.0 = Release|ARM
		{9F2DC0E8-EE69-47B3-AB49-2B6B408281CA}.Ad-Hoc|iPhone.ActiveCfg = Release|Any CPU
		{9F2DC0E8-EE69-47B3-AB49-2B6B408281CA}.Ad-Hoc|iPhone.Build.0 = Release|Any CPU
		{9F2DC0E8-EE69-47B3-AB49-2B6B408281CA}.Ad-Hoc|iPhone.Deploy.0 = Release|Any CPU
		{9F2DC0E8-EE69-47B3-AB49-2B6B408281CA}.Ad-Hoc|iPhoneSimulator.ActiveCfg = Release|Any CPU
		{9F2DC0E8-EE69-47B3-AB49-2B6B408281CA}.Ad-Hoc|iPhoneSimulator.Build.0 = Release|Any CPU
		{9F2DC0E8-EE69-47B3-AB49-2B6B408281CA}.Ad-Hoc|iPhoneSimulator.Deploy.0 = Release|Any CPU
		{9F2DC0E8-EE69-47B3-AB49-2B6B408281CA}.Ad-Hoc|x64.ActiveCfg = Release|Any CPU
		{9F2DC0E8-EE69-47B3-AB49-2B6B408281CA}.Ad-Hoc|x64.Build.0 = Release|Any CPU
		{9F2DC0E8-EE69-47B3-AB49-2B6B408281CA}.Ad-Hoc|x64.Deploy.0 = Release|Any CPU
		{9F2DC0E8-EE69-47B3-AB49-2B6B408281CA}.Ad-Hoc|x86.ActiveCfg = Release|x86
		{9F2DC0E8-EE69-47B3-AB49-2B6B408281CA}.Ad-Hoc|x86.Build.0 = Release|x86
		{9F2DC0E8-EE69-47B3-AB49-2B6B408281CA}.Ad-Hoc|x86.Deploy.0 = Release|x86
		{9F2DC0E8-EE69-47B3-AB49-2B6B408281CA}.AppStore|Any CPU.ActiveCfg = Release|Any CPU
		{9F2DC0E8-EE69-47B3-AB49-2B6B408281CA}.AppStore|Any CPU.Build.0 = Release|Any CPU
		{9F2DC0E8-EE69-47B3-AB49-2B6B408281CA}.AppStore|Any CPU.Deploy.0 = Release|Any CPU
		{9F2DC0E8-EE69-47B3-AB49-2B6B408281CA}.AppStore|ARM.ActiveCfg = Release|ARM
		{9F2DC0E8-EE69-47B3-AB49-2B6B408281CA}.AppStore|ARM.Build.0 = Release|ARM
		{9F2DC0E8-EE69-47B3-AB49-2B6B408281CA}.AppStore|ARM.Deploy.0 = Release|ARM
		{9F2DC0E8-EE69-47B3-AB49-2B6B408281CA}.AppStore|iPhone.ActiveCfg = Release|Any CPU
		{9F2DC0E8-EE69-47B3-AB49-2B6B408281CA}.AppStore|iPhone.Build.0 = Release|Any CPU
		{9F2DC0E8-EE69-47B3-AB49-2B6B408281CA}.AppStore|iPhone.Deploy.0 = Release|Any CPU
		{9F2DC0E8-EE69-47B3-AB49-2B6B408281CA}.AppStore|iPhoneSimulator.ActiveCfg = Release|Any CPU
		{9F2DC0E8-EE69-47B3-AB49-2B6B408281CA}.AppStore|iPhoneSimulator.Build.0 = Release|Any CPU
		{9F2DC0E8-EE69-47B3-AB49-2B6B408281CA}.AppStore|iPhoneSimulator.Deploy.0 = Release|Any CPU
		{9F2DC0E8-EE69-47B3-AB49-2B6B408281CA}.AppStore|x64.ActiveCfg = Release|Any CPU
		{9F2DC0E8-EE69-47B3-AB49-2B6B408281CA}.AppStore|x64.Build.0 = Release|Any CPU
		{9F2DC0E8-EE69-47B3-AB49-2B6B408281CA}.AppStore|x64.Deploy.0 = Release|Any CPU
		{9F2DC0E8-EE69-47B3-AB49-2B6B408281CA}.AppStore|x86.ActiveCfg = Release|x86
		{9F2DC0E8-EE69-47B3-AB49-2B6B408281CA}.AppStore|x86.Build.0 = Release|x86
		{9F2DC0E8-EE69-47B3-AB49-2B6B408281CA}.AppStore|x86.Deploy.0 = Release|x86
		{9F2DC0E8-EE69-47B3-AB49-2B6B408281CA}.Debug|Any CPU.ActiveCfg = Debug|Any CPU
		{9F2DC0E8-EE69-47B3-AB49-2B6B408281CA}.Debug|Any CPU.Build.0 = Debug|Any CPU
		{9F2DC0E8-EE69-47B3-AB49-2B6B408281CA}.Debug|Any CPU.Deploy.0 = Debug|Any CPU
		{9F2DC0E8-EE69-47B3-AB49-2B6B408281CA}.Debug|ARM.ActiveCfg = Debug|ARM
		{9F2DC0E8-EE69-47B3-AB49-2B6B408281CA}.Debug|ARM.Build.0 = Debug|ARM
		{9F2DC0E8-EE69-47B3-AB49-2B6B408281CA}.Debug|ARM.Deploy.0 = Debug|ARM
		{9F2DC0E8-EE69-47B3-AB49-2B6B408281CA}.Debug|iPhone.ActiveCfg = Debug|Any CPU
		{9F2DC0E8-EE69-47B3-AB49-2B6B408281CA}.Debug|iPhone.Build.0 = Debug|Any CPU
		{9F2DC0E8-EE69-47B3-AB49-2B6B408281CA}.Debug|iPhone.Deploy.0 = Debug|Any CPU
		{9F2DC0E8-EE69-47B3-AB49-2B6B408281CA}.Debug|iPhoneSimulator.ActiveCfg = Debug|Any CPU
		{9F2DC0E8-EE69-47B3-AB49-2B6B408281CA}.Debug|iPhoneSimulator.Build.0 = Debug|Any CPU
		{9F2DC0E8-EE69-47B3-AB49-2B6B408281CA}.Debug|iPhoneSimulator.Deploy.0 = Debug|Any CPU
		{9F2DC0E8-EE69-47B3-AB49-2B6B408281CA}.Debug|x64.ActiveCfg = Debug|Any CPU
		{9F2DC0E8-EE69-47B3-AB49-2B6B408281CA}.Debug|x64.Build.0 = Debug|Any CPU
		{9F2DC0E8-EE69-47B3-AB49-2B6B408281CA}.Debug|x64.Deploy.0 = Debug|Any CPU
		{9F2DC0E8-EE69-47B3-AB49-2B6B408281CA}.Debug|x86.ActiveCfg = Debug|x86
		{9F2DC0E8-EE69-47B3-AB49-2B6B408281CA}.Debug|x86.Build.0 = Debug|x86
		{9F2DC0E8-EE69-47B3-AB49-2B6B408281CA}.Debug|x86.Deploy.0 = Debug|x86
		{9F2DC0E8-EE69-47B3-AB49-2B6B408281CA}.Release|Any CPU.ActiveCfg = Release|Any CPU
		{9F2DC0E8-EE69-47B3-AB49-2B6B408281CA}.Release|Any CPU.Build.0 = Release|Any CPU
		{9F2DC0E8-EE69-47B3-AB49-2B6B408281CA}.Release|Any CPU.Deploy.0 = Release|Any CPU
		{9F2DC0E8-EE69-47B3-AB49-2B6B408281CA}.Release|ARM.ActiveCfg = Release|ARM
		{9F2DC0E8-EE69-47B3-AB49-2B6B408281CA}.Release|ARM.Build.0 = Release|ARM
		{9F2DC0E8-EE69-47B3-AB49-2B6B408281CA}.Release|ARM.Deploy.0 = Release|ARM
		{9F2DC0E8-EE69-47B3-AB49-2B6B408281CA}.Release|iPhone.ActiveCfg = Release|Any CPU
		{9F2DC0E8-EE69-47B3-AB49-2B6B408281CA}.Release|iPhone.Build.0 = Release|Any CPU
		{9F2DC0E8-EE69-47B3-AB49-2B6B408281CA}.Release|iPhone.Deploy.0 = Release|Any CPU
		{9F2DC0E8-EE69-47B3-AB49-2B6B408281CA}.Release|iPhoneSimulator.ActiveCfg = Release|Any CPU
		{9F2DC0E8-EE69-47B3-AB49-2B6B408281CA}.Release|iPhoneSimulator.Build.0 = Release|Any CPU
		{9F2DC0E8-EE69-47B3-AB49-2B6B408281CA}.Release|iPhoneSimulator.Deploy.0 = Release|Any CPU
		{9F2DC0E8-EE69-47B3-AB49-2B6B408281CA}.Release|x64.ActiveCfg = Release|Any CPU
		{9F2DC0E8-EE69-47B3-AB49-2B6B408281CA}.Release|x64.Build.0 = Release|Any CPU
		{9F2DC0E8-EE69-47B3-AB49-2B6B408281CA}.Release|x64.Deploy.0 = Release|Any CPU
		{9F2DC0E8-EE69-47B3-AB49-2B6B408281CA}.Release|x86.ActiveCfg = Release|x86
		{9F2DC0E8-EE69-47B3-AB49-2B6B408281CA}.Release|x86.Build.0 = Release|x86
		{9F2DC0E8-EE69-47B3-AB49-2B6B408281CA}.Release|x86.Deploy.0 = Release|x86
	EndGlobalSection
	GlobalSection(SolutionProperties) = preSolution
		HideSolutionNode = FALSE
	EndGlobalSection
EndGlobal
